
Microsoft Visual Studio Solution File, Format Version 12.00
# Visual Studio Version 16
VisualStudioVersion = 16.0.31424.327
MinimumVisualStudioVersion = 10.0.40219.1
Project("{FAE04EC0-301F-11D3-BF4B-00C04F79EFBC}") = "FirstWebCore", "FirstWebCore\FirstWebCore.csproj", "{C31F2084-BAB4-4843-B1D1-2B53511133AE}"
EndProject
Project("{FAE04EC0-301F-11D3-BF4B-00C04F79EFBC}") = "FirstWebCore.Model", "FirstWebCore.Model\FirstWebCore.Model.csproj", "{AAA98E2C-8651-4682-8517-27252608FAEC}"
EndProject
Project("{FAE04EC0-301F-11D3-BF4B-00C04F79EFBC}") = "FirstWebCore.Framework", "FirstWebCore.Uility\FirstWebCore.Framework.csproj", "{649919E7-DA60-4608-B065-047C6D720DE9}"
EndProject
Project("{FAE04EC0-301F-11D3-BF4B-00C04F79EFBC}") = "FirstWebCore.DAL", "FirstWebCore.DAL\FirstWebCore.DAL.csproj", "{49F69400-8971-45A9-B402-5A22332ACB4B}"
EndProject
Project("{FAE04EC0-301F-11D3-BF4B-00C04F79EFBC}") = "FirstWebCore.Demo", "FirstWebCore.UI\FirstWebCore.Demo.csproj", "{A455D4F3-C904-445A-9683-AED64450F741}"
EndProject
Global
	GlobalSection(SolutionConfigurationPlatforms) = preSolution
		Debug|Any CPU = Debug|Any CPU
		Release|Any CPU = Release|Any CPU
	EndGlobalSection
	GlobalSection(ProjectConfigurationPlatforms) = postSolution
		{C31F2084-BAB4-4843-B1D1-2B53511133AE}.Debug|Any CPU.ActiveCfg = Debug|Any CPU
		{C31F2084-BAB4-4843-B1D1-2B53511133AE}.Debug|Any CPU.Build.0 = Debug|Any CPU
		{C31F2084-BAB4-4843-B1D1-2B53511133AE}.Release|Any CPU.ActiveCfg = Release|Any CPU
		{C31F2084-BAB4-4843-B1D1-2B53511133AE}.Release|Any CPU.Build.0 = Release|Any CPU
		{AAA98E2C-8651-4682-8517-27252608FAEC}.Debug|Any CPU.ActiveCfg = Debug|Any CPU
		{AAA98E2C-8651-4682-8517-27252608FAEC}.Debug|Any CPU.Build.0 = Debug|Any CPU
		{AAA98E2C-8651-4682-8517-27252608FAEC}.Release|Any CPU.ActiveCfg = Release|Any CPU
		{AAA98E2C-8651-4682-8517-27252608FAEC}.Release|Any CPU.Build.0 = Release|Any CPU
		{649919E7-DA60-4608-B065-047C6D720DE9}.Debug|Any CPU.ActiveCfg = Debug|Any CPU
		{649919E7-DA60-4608-B065-047C6D720DE9}.Debug|Any CPU.Build.0 = Debug|Any CPU
		{649919E7-DA60-4608-B065-047C6D720DE9}.Release|Any CPU.ActiveCfg = Release|Any CPU
		{649919E7-DA60-4608-B065-047C6D720DE9}.Release|Any CPU.Build.0 = Release|Any CPU
		{49F69400-8971-45A9-B402-5A22332ACB4B}.Debug|Any CPU.ActiveCfg = Debug|Any CPU
		{49F69400-8971-45A9-B402-5A22332ACB4B}.Debug|Any CPU.Build.0 = Debug|Any CPU
		{49F69400-8971-45A9-B402-5A22332ACB4B}.Release|Any CPU.ActiveCfg = Release|Any CPU
		{49F69400-8971-45A9-B402-5A22332ACB4B}.Release|Any CPU.Build.0 = Release|Any CPU
		{A455D4F3-C904-445A-9683-AED64450F741}.Debug|Any CPU.ActiveCfg = Debug|Any CPU
		{A455D4F3-C904-445A-9683-AED64450F741}.Debug|Any CPU.Build.0 = Debug|Any CPU
		{A455D4F3-C904-445A-9683-AED64450F741}.Release|Any CPU.ActiveCfg = Release|Any CPU
		{A455D4F3-C904-445A-9683-AED64450F741}.Release|Any CPU.Build.0 = Release|Any CPU
	EndGlobalSection
	GlobalSection(SolutionProperties) = preSolution
		HideSolutionNode = FALSE
	EndGlobalSection
	GlobalSection(ExtensibilityGlobals) = postSolution
		SolutionGuid = {29F89DAB-11D8-4BCC-B4D6-E94FABFB79A1}
	EndGlobalSection
EndGlobal
